
Microsoft Visual Studio Solution File, Format Version 12.00
# Visual Studio 15
VisualStudioVersion = 15.0.26730.16
MinimumVisualStudioVersion = 10.0.40219.1
Project("{9A19103F-16F7-4668-BE54-9A1E7A4F7556}") = "WeeklyPlanner", "WeeklyPlanner\WeeklyPlanner.csproj", "{AE889A75-ABFF-42DF-BE2A-46007D572E2E}"
EndProject
Project("{9A19103F-16F7-4668-BE54-9A1E7A4F7556}") = "DotVVM.Framework.Hosting.AspNetCore", "..\dotvvm\src\DotVVM.Framework.Hosting.AspNetCore\DotVVM.Framework.Hosting.AspNetCore.csproj", "{7F10433E-3E82-4C0F-862E-FFD71F703A9F}"
EndProject
Project("{9A19103F-16F7-4668-BE54-9A1E7A4F7556}") = "DotVVM.Framework", "..\dotvvm\src\DotVVM.Framework\DotVVM.Framework.csproj", "{702D2A81-2FE0-4974-8C2F-93604A4F0E5D}"
EndProject
Project("{9A19103F-16F7-4668-BE54-9A1E7A4F7556}") = "DotVVM.Core", "..\dotvvm\src\DotVVM.Core\DotVVM.Core.csproj", "{B0647F51-7D21-4D30-9E66-B114A150E36C}"
EndProject
Project("{9A19103F-16F7-4668-BE54-9A1E7A4F7556}") = "DotVVM.Framework.Api.Swashbuckle.AspNetCore", "..\dotvvm\src\DotVVM.Framework.Api.Swashbuckle.AspNetCore\DotVVM.Framework.Api.Swashbuckle.AspNetCore.csproj", "{19965825-43F6-40DE-BE1A-6153F6548315}"
EndProject
Global
	GlobalSection(SolutionConfigurationPlatforms) = preSolution
		Debug|Any CPU = Debug|Any CPU
		Release|Any CPU = Release|Any CPU
	EndGlobalSection
	GlobalSection(ProjectConfigurationPlatforms) = postSolution
		{AE889A75-ABFF-42DF-BE2A-46007D572E2E}.Debug|Any CPU.ActiveCfg = Debug|Any CPU
		{AE889A75-ABFF-42DF-BE2A-46007D572E2E}.Debug|Any CPU.Build.0 = Debug|Any CPU
		{AE889A75-ABFF-42DF-BE2A-46007D572E2E}.Release|Any CPU.ActiveCfg = Release|Any CPU
		{AE889A75-ABFF-42DF-BE2A-46007D572E2E}.Release|Any CPU.Build.0 = Release|Any CPU
		{7F10433E-3E82-4C0F-862E-FFD71F703A9F}.Debug|Any CPU.ActiveCfg = Debug|Any CPU
		{7F10433E-3E82-4C0F-862E-FFD71F703A9F}.Debug|Any CPU.Build.0 = Debug|Any CPU
		{7F10433E-3E82-4C0F-862E-FFD71F703A9F}.Release|Any CPU.ActiveCfg = Release|Any CPU
		{7F10433E-3E82-4C0F-862E-FFD71F703A9F}.Release|Any CPU.Build.0 = Release|Any CPU
		{702D2A81-2FE0-4974-8C2F-93604A4F0E5D}.Debug|Any CPU.ActiveCfg = Debug|Any CPU
		{702D2A81-2FE0-4974-8C2F-93604A4F0E5D}.Debug|Any CPU.Build.0 = Debug|Any CPU
		{702D2A81-2FE0-4974-8C2F-93604A4F0E5D}.Release|Any CPU.ActiveCfg = Release|Any CPU
		{702D2A81-2FE0-4974-8C2F-93604A4F0E5D}.Release|Any CPU.Build.0 = Release|Any CPU
		{B0647F51-7D21-4D30-9E66-B114A150E36C}.Debug|Any CPU.ActiveCfg = Debug|Any CPU
		{B0647F51-7D21-4D30-9E66-B114A150E36C}.Debug|Any CPU.Build.0 = Debug|Any CPU
		{B0647F51-7D21-4D30-9E66-B114A150E36C}.Release|Any CPU.ActiveCfg = Release|Any CPU
		{B0647F51-7D21-4D30-9E66-B114A150E36C}.Release|Any CPU.Build.0 = Release|Any CPU
		{19965825-43F6-40DE-BE1A-6153F6548315}.Debug|Any CPU.ActiveCfg = Debug|Any CPU
		{19965825-43F6-40DE-BE1A-6153F6548315}.Debug|Any CPU.Build.0 = Debug|Any CPU
		{19965825-43F6-40DE-BE1A-6153F6548315}.Release|Any CPU.ActiveCfg = Release|Any CPU
		{19965825-43F6-40DE-BE1A-6153F6548315}.Release|Any CPU.Build.0 = Release|Any CPU
	EndGlobalSection
	GlobalSection(SolutionProperties) = preSolution
		HideSolutionNode = FALSE
	EndGlobalSection
	GlobalSection(ExtensibilityGlobals) = postSolution
		SolutionGuid = {42C8D00A-84F3-4654-993F-642A0E1862D2}
	EndGlobalSection
EndGlobal
